// !$*UTF8*$!
{
	archiveVersion = 1;
	classes = {
	};
	objectVersion = 48;
	objects = {

/* Begin PBXBuildFile section */
		E067DCE01F8B791900D24A70 /* AppDelegate.swift in Sources */ = {isa = PBXBuildFile; fileRef = E067DCDF1F8B791900D24A70 /* AppDelegate.swift */; };
		E067DCE21F8B791900D24A70 /* MacViewController.swift in Sources */ = {isa = PBXBuildFile; fileRef = E067DCE11F8B791900D24A70 /* MacViewController.swift */; };
		E067DCE41F8B791900D24A70 /* Assets.xcassets in Resources */ = {isa = PBXBuildFile; fileRef = E067DCE31F8B791900D24A70 /* Assets.xcassets */; };
		E067DCE71F8B791900D24A70 /* Main.storyboard in Resources */ = {isa = PBXBuildFile; fileRef = E067DCE51F8B791900D24A70 /* Main.storyboard */; };
		E0F3C1D81F8B7A7600CE0342 /* MacSonogramView.swift in Sources */ = {isa = PBXBuildFile; fileRef = E0F3C1D71F8B7A7600CE0342 /* MacSonogramView.swift */; };
/* End PBXBuildFile section */

/* Begin PBXFileReference section */
		E067DCDC1F8B791900D24A70 /* testSonogramMacOS.app */ = {isa = PBXFileReference; explicitFileType = wrapper.application; includeInIndex = 0; path = testSonogramMacOS.app; sourceTree = BUILT_PRODUCTS_DIR; };
		E067DCDF1F8B791900D24A70 /* AppDelegate.swift */ = {isa = PBXFileReference; lastKnownFileType = sourcecode.swift; path = AppDelegate.swift; sourceTree = "<group>"; };
		E067DCE11F8B791900D24A70 /* MacViewController.swift */ = {isa = PBXFileReference; lastKnownFileType = sourcecode.swift; path = MacViewController.swift; sourceTree = "<group>"; };
		E067DCE31F8B791900D24A70 /* Assets.xcassets */ = {isa = PBXFileReference; lastKnownFileType = folder.assetcatalog; path = Assets.xcassets; sourceTree = "<group>"; };
		E067DCE61F8B791900D24A70 /* Base */ = {isa = PBXFileReference; lastKnownFileType = file.storyboard; name = Base; path = Base.lproj/Main.storyboard; sourceTree = "<group>"; };
		E067DCE81F8B791900D24A70 /* Info.plist */ = {isa = PBXFileReference; lastKnownFileType = text.plist.xml; path = Info.plist; sourceTree = "<group>"; };
		E067DCE91F8B791900D24A70 /* testSonogramMacOS.entitlements */ = {isa = PBXFileReference; lastKnownFileType = text.plist.entitlements; path = testSonogramMacOS.entitlements; sourceTree = "<group>"; };
		E0F3C1D71F8B7A7600CE0342 /* MacSonogramView.swift */ = {isa = PBXFileReference; lastKnownFileType = sourcecode.swift; path = MacSonogramView.swift; sourceTree = "<group>"; };
/* End PBXFileReference section */

/* Begin PBXFrameworksBuildPhase section */
		E067DCD91F8B791900D24A70 /* Frameworks */ = {
			isa = PBXFrameworksBuildPhase;
			buildActionMask = 2147483647;
			files = (
			);
			runOnlyForDeploymentPostprocessing = 0;
		};
/* End PBXFrameworksBuildPhase section */

/* Begin PBXGroup section */
		E067DCD31F8B791900D24A70 = {
			isa = PBXGroup;
			children = (
				E067DCDE1F8B791900D24A70 /* testSonogramMacOS */,
				E067DCDD1F8B791900D24A70 /* Products */,
			);
			sourceTree = "<group>";
		};
		E067DCDD1F8B791900D24A70 /* Products */ = {
			isa = PBXGroup;
			children = (
				E067DCDC1F8B791900D24A70 /* testSonogramMacOS.app */,
			);
			name = Products;
			sourceTree = "<group>";
		};
		E067DCDE1F8B791900D24A70 /* testSonogramMacOS */ = {
			isa = PBXGroup;
			children = (
				E067DCDF1F8B791900D24A70 /* AppDelegate.swift */,
				E0F3C1D71F8B7A7600CE0342 /* MacSonogramView.swift */,
				E067DCE11F8B791900D24A70 /* MacViewController.swift */,
				E067DCE31F8B791900D24A70 /* Assets.xcassets */,
				E067DCE51F8B791900D24A70 /* Main.storyboard */,
				E067DCE81F8B791900D24A70 /* Info.plist */,
				E067DCE91F8B791900D24A70 /* testSonogramMacOS.entitlements */,
			);
			path = testSonogramMacOS;
			sourceTree = "<group>";
		};
/* End PBXGroup section */

/* Begin PBXNativeTarget section */
		E067DCDB1F8B791900D24A70 /* testSonogramMacOS */ = {
			isa = PBXNativeTarget;
			buildConfigurationList = E067DCEC1F8B791900D24A70 /* Build configuration list for PBXNativeTarget "testSonogramMacOS" */;
			buildPhases = (
				E067DCD81F8B791900D24A70 /* Sources */,
				E067DCD91F8B791900D24A70 /* Frameworks */,
				E067DCDA1F8B791900D24A70 /* Resources */,
			);
			buildRules = (
			);
			dependencies = (
			);
			name = testSonogramMacOS;
			productName = testSonogramMacOS;
			productReference = E067DCDC1F8B791900D24A70 /* testSonogramMacOS.app */;
			productType = "com.apple.product-type.application";
		};
/* End PBXNativeTarget section */

/* Begin PBXProject section */
		E067DCD41F8B791900D24A70 /* Project object */ = {
			isa = PBXProject;
			attributes = {
				LastSwiftUpdateCheck = 0900;
				LastUpgradeCheck = 0900;
				ORGANIZATIONNAME = "Roman Ustiantcev";
				TargetAttributes = {
					E067DCDB1F8B791900D24A70 = {
						CreatedOnToolsVersion = 9.0;
						ProvisioningStyle = Automatic;
					};
				};
			};
			buildConfigurationList = E067DCD71F8B791900D24A70 /* Build configuration list for PBXProject "testSonogramMacOS" */;
			compatibilityVersion = "Xcode 8.0";
			developmentRegion = en;
			hasScannedForEncodings = 0;
			knownRegions = (
				en,
				Base,
			);
			mainGroup = E067DCD31F8B791900D24A70;
			productRefGroup = E067DCDD1F8B791900D24A70 /* Products */;
			projectDirPath = "";
			projectRoot = "";
			targets = (
				E067DCDB1F8B791900D24A70 /* testSonogramMacOS */,
			);
		};
/* End PBXProject section */

/* Begin PBXResourcesBuildPhase section */
		E067DCDA1F8B791900D24A70 /* Resources */ = {
			isa = PBXResourcesBuildPhase;
			buildActionMask = 2147483647;
			files = (
				E067DCE41F8B791900D24A70 /* Assets.xcassets in Resources */,
				E067DCE71F8B791900D24A70 /* Main.storyboard in Resources */,
			);
			runOnlyForDeploymentPostprocessing = 0;
		};
/* End PBXResourcesBuildPhase section */

/* Begin PBXSourcesBuildPhase section */
		E067DCD81F8B791900D24A70 /* Sources */ = {
			isa = PBXSourcesBuildPhase;
			buildActionMask = 2147483647;
			files = (
				E0F3C1D81F8B7A7600CE0342 /* MacSonogramView.swift in Sources */,
				E067DCE21F8B791900D24A70 /* MacViewController.swift in Sources */,
				E067DCE01F8B791900D24A70 /* AppDelegate.swift in Sources */,
			);
			runOnlyForDeploymentPostprocessing = 0;
		};
/* End PBXSourcesBuildPhase section */

/* Begin PBXVariantGroup section */
		E067DCE51F8B791900D24A70 /* Main.storyboard */ = {
			isa = PBXVariantGroup;
			children = (
				E067DCE61F8B791900D24A70 /* Base */,
			);
			name = Main.storyboard;
			sourceTree = "<group>";
		};
/* End PBXVariantGroup section */

/* Begin XCBuildConfiguration section */
		E067DCEA1F8B791900D24A70 /* Debug */ = {
			isa = XCBuildConfiguration;
			buildSettings = {
				ALWAYS_SEARCH_USER_PATHS = NO;
				CLANG_ANALYZER_NONNULL = YES;
				CLANG_ANALYZER_NUMBER_OBJECT_CONVERSION = YES_AGGRESSIVE;
				CLANG_CXX_LANGUAGE_STANDARD = "gnu++14";
				CLANG_CXX_LIBRARY = "libc++";
				CLANG_ENABLE_MODULES = YES;
				CLANG_ENABLE_OBJC_ARC = YES;
				CLANG_WARN_BLOCK_CAPTURE_AUTORELEASING = YES;
				CLANG_WARN_BOOL_CONVERSION = YES;
				CLANG_WARN_COMMA = YES;
				CLANG_WARN_CONSTANT_CONVERSION = YES;
				CLANG_WARN_DIRECT_OBJC_ISA_USAGE = YES_ERROR;
				CLANG_WARN_DOCUMENTATION_COMMENTS = YES;
				CLANG_WARN_EMPTY_BODY = YES;
				CLANG_WARN_ENUM_CONVERSION = YES;
				CLANG_WARN_INFINITE_RECURSION = YES;
				CLANG_WARN_INT_CONVERSION = YES;
				CLANG_WARN_NON_LITERAL_NULL_CONVERSION = YES;
				CLANG_WARN_OBJC_LITERAL_CONVERSION = YES;
				CLANG_WARN_OBJC_ROOT_CLASS = YES_ERROR;
				CLANG_WARN_RANGE_LOOP_ANALYSIS = YES;
				CLANG_WARN_STRICT_PROTOTYPES = YES;
				CLANG_WARN_SUSPICIOUS_MOVE = YES;
				CLANG_WARN_UNGUARDED_AVAILABILITY = YES_AGGRESSIVE;
				CLANG_WARN_UNREACHABLE_CODE = YES;
				CLANG_WARN__DUPLICATE_METHOD_MATCH = YES;
				CODE_SIGN_IDENTITY = "-";
				COPY_PHASE_STRIP = NO;
				DEBUG_INFORMATION_FORMAT = dwarf;
				ENABLE_STRICT_OBJC_MSGSEND = YES;
				ENABLE_TESTABILITY = YES;
				GCC_C_LANGUAGE_STANDARD = gnu11;
				GCC_DYNAMIC_NO_PIC = NO;
				GCC_NO_COMMON_BLOCKS = YES;
				GCC_OPTIMIZATION_LEVEL = 0;
				GCC_PREPROCESSOR_DEFINITIONS = (
					"DEBUG=1",
					"$(inherited)",
				);
				GCC_WARN_64_TO_32_BIT_CONVERSION = YES;
				GCC_WARN_ABOUT_RETURN_TYPE = YES_ERROR;
				GCC_WARN_UNDECLARED_SELECTOR = YES;
				GCC_WARN_UNINITIALIZED_AUTOS = YES_AGGRESSIVE;
				GCC_WARN_UNUSED_FUNCTION = YES;
				GCC_WARN_UNUSED_VARIABLE = YES;
				MACOSX_DEPLOYMENT_TARGET = 10.13;
				MTL_ENABLE_DEBUG_INFO = YES;
				ONLY_ACTIVE_ARCH = YES;
				SDKROOT = macosx;
				SWIFT_ACTIVE_COMPILATION_CONDITIONS = DEBUG;
				SWIFT_OPTIMIZATION_LEVEL = "-Onone";
			};
			name = Debug;
		};
		E067DCEB1F8B791900D24A70 /* Release */ = {
			isa = XCBuildConfiguration;
			buildSettings = {
				ALWAYS_SEARCH_USER_PATHS = NO;
				CLANG_ANALYZER_NONNULL = YES;
				CLANG_ANALYZER_NUMBER_OBJECT_CONVERSION = YES_AGGRESSIVE;
				CLANG_CXX_LANGUAGE_STANDARD = "gnu++14";
				CLANG_CXX_LIBRARY = "libc++";
				CLANG_ENABLE_MODULES = YES;
				CLANG_ENABLE_OBJC_ARC = YES;
				CLANG_WARN_BLOCK_CAPTURE_AUTORELEASING = YES;
				CLANG_WARN_BOOL_CONVERSION = YES;
				CLANG_WARN_COMMA = YES;
				CLANG_WARN_CONSTANT_CONVERSION = YES;
				CLANG_WARN_DIRECT_OBJC_ISA_USAGE = YES_ERROR;
				CLANG_WARN_DOCUMENTATION_COMMENTS = YES;
				CLANG_WARN_EMPTY_BODY = YES;
				CLANG_WARN_ENUM_CONVERSION = YES;
				CLANG_WARN_INFINITE_RECURSION = YES;
				CLANG_WARN_INT_CONVERSION = YES;
				CLANG_WARN_NON_LITERAL_NULL_CONVERSION = YES;
				CLANG_WARN_OBJC_LITERAL_CONVERSION = YES;
				CLANG_WARN_OBJC_ROOT_CLASS = YES_ERROR;
				CLANG_WARN_RANGE_LOOP_ANALYSIS = YES;
				CLANG_WARN_STRICT_PROTOTYPES = YES;
				CLANG_WARN_SUSPICIOUS_MOVE = YES;
				CLANG_WARN_UNGUARDED_AVAILABILITY = YES_AGGRESSIVE;
				CLANG_WARN_UNREACHABLE_CODE = YES;
				CLANG_WARN__DUPLICATE_METHOD_MATCH = YES;
				CODE_SIGN_IDENTITY = "-";
				COPY_PHASE_STRIP = NO;
				DEBUG_INFORMATION_FORMAT = "dwarf-with-dsym";
				ENABLE_NS_ASSERTIONS = NO;
				ENABLE_STRICT_OBJC_MSGSEND = YES;
				GCC_C_LANGUAGE_STANDARD = gnu11;
				GCC_NO_COMMON_BLOCKS = YES;
				GCC_WARN_64_TO_32_BIT_CONVERSION = YES;
				GCC_WARN_ABOUT_RETURN_TYPE = YES_ERROR;
				GCC_WARN_UNDECLARED_SELECTOR = YES;
				GCC_WARN_UNINITIALIZED_AUTOS = YES_AGGRESSIVE;
				GCC_WARN_UNUSED_FUNCTION = YES;
				GCC_WARN_UNUSED_VARIABLE = YES;
				MACOSX_DEPLOYMENT_TARGET = 10.13;
				MTL_ENABLE_DEBUG_INFO = NO;
				SDKROOT = macosx;
				SWIFT_OPTIMIZATION_LEVEL = "-Owholemodule";
			};
			name = Release;
		};
		E067DCED1F8B791900D24A70 /* Debug */ = {
			isa = XCBuildConfiguration;
			buildSettings = {
				ASSETCATALOG_COMPILER_APPICON_NAME = AppIcon;
				CODE_SIGN_ENTITLEMENTS = testSonogramMacOS/testSonogramMacOS.entitlements;
				CODE_SIGN_STYLE = Automatic;
				COMBINE_HIDPI_IMAGES = YES;
				INFOPLIST_FILE = testSonogramMacOS/Info.plist;
				LD_RUNPATH_SEARCH_PATHS = "$(inherited) @executable_path/../Frameworks";
				PRODUCT_BUNDLE_IDENTIFIER = "com.ru-platform.testSonogramMacOS";
				PRODUCT_NAME = "$(TARGET_NAME)";
				SWIFT_VERSION = 4.0;
			};
			name = Debug;
		};
		E067DCEE1F8B791900D24A70 /* Release */ = {
			isa = XCBuildConfiguration;
			buildSettings = {
				ASSETCATALOG_COMPILER_APPICON_NAME = AppIcon;
				CODE_SIGN_ENTITLEMENTS = testSonogramMacOS/testSonogramMacOS.entitlements;
				CODE_SIGN_STYLE = Automatic;
				COMBINE_HIDPI_IMAGES = YES;
				INFOPLIST_FILE = testSonogramMacOS/Info.plist;
				LD_RUNPATH_SEARCH_PATHS = "$(inherited) @executable_path/../Frameworks";
				PRODUCT_BUNDLE_IDENTIFIER = "com.ru-platform.testSonogramMacOS";
				PRODUCT_NAME = "$(TARGET_NAME)";
				SWIFT_VERSION = 4.0;
			};
			name = Release;
		};
/* End XCBuildConfiguration section */

/* Begin XCConfigurationList section */
		E067DCD71F8B791900D24A70 /* Build configuration list for PBXProject "testSonogramMacOS" */ = {
			isa = XCConfigurationList;
			buildConfigurations = (
				E067DCEA1F8B791900D24A70 /* Debug */,
				E067DCEB1F8B791900D24A70 /* Release */,
			);
			defaultConfigurationIsVisible = 0;
			defaultConfigurationName = Release;
		};
		E067DCEC1F8B791900D24A70 /* Build configuration list for PBXNativeTarget "testSonogramMacOS" */ = {
			isa = XCConfigurationList;
			buildConfigurations = (
				E067DCED1F8B791900D24A70 /* Debug */,
				E067DCEE1F8B791900D24A70 /* Release */,
			);
			defaultConfigurationIsVisible = 0;
			defaultConfigurationName = Release;
		};
/* End XCConfigurationList section */
	};
	rootObject = E067DCD41F8B791900D24A70 /* Project object */;
}
